
Microsoft Visual Studio Solution File, Format Version 12.00
# Visual Studio 15
VisualStudioVersion = 15.0.26730.8
MinimumVisualStudioVersion = 10.0.40219.1
Project("{FAE04EC0-301F-11D3-BF4B-00C04F79EFBC}") = "fan_controller_ui", "fan_controller_ui\fan_controller_ui.csproj", "{A65C594B-B8EA-4A08-96DE-1E105A5206F1}"
EndProject
Global
	GlobalSection(SolutionConfigurationPlatforms) = preSolution
		Debug|Any CPU = Debug|Any CPU
		Release|Any CPU = Release|Any CPU
	EndGlobalSection
	GlobalSection(ProjectConfigurationPlatforms) = postSolution
		{A65C594B-B8EA-4A08-96DE-1E105A5206F1}.Debug|Any CPU.ActiveCfg = Debug|Any CPU
		{A65C594B-B8EA-4A08-96DE-1E105A5206F1}.Debug|Any CPU.Build.0 = Debug|Any CPU
		{A65C594B-B8EA-4A08-96DE-1E105A5206F1}.Release|Any CPU.ActiveCfg = Release|Any CPU
		{A65C594B-B8EA-4A08-96DE-1E105A5206F1}.Release|Any CPU.Build.0 = Release|Any CPU
	EndGlobalSection
	GlobalSection(SolutionProperties) = preSolution
		HideSolutionNode = FALSE
	EndGlobalSection
	GlobalSection(ExtensibilityGlobals) = postSolution
		SolutionGuid = {679604AA-A72B-4FF2-9375-E3EB6A5ED226}
	EndGlobalSection
EndGlobal
